{
  "sources": {
    "soa_tools": {
      "path": "."
    },
    "apt": {
      "locked_version": "1.10.0"
    },
    "java": {
      "locked_version": "1.17.6"
    },
    "windows": {
      "locked_version": "1.9.0"
    },
    "chef_handler": {
      "locked_version": "1.1.4"
    },
    "aws": {
      "locked_version": "1.0.0"
    }
  }
}
